
Microsoft Visual Studio Solution File, Format Version 12.00
# Visual Studio Version 16
VisualStudioVersion = 16.0.29215.179
MinimumVisualStudioVersion = 10.0.40219.1
Project("{FAE04EC0-301F-11D3-BF4B-00C04F79EFBC}") = "Picadelli.Web", "Picadelli.Web\Picadelli.Web.csproj", "{BC97D0B6-4C4F-4485-A281-26E1C205BA34}"
EndProject
Global
	GlobalSection(SolutionConfigurationPlatforms) = preSolution
		Debug|Any CPU = Debug|Any CPU
		Release|Any CPU = Release|Any CPU
	EndGlobalSection
	GlobalSection(ProjectConfigurationPlatforms) = postSolution
		{BC97D0B6-4C4F-4485-A281-26E1C205BA34}.Debug|Any CPU.ActiveCfg = Debug|Any CPU
		{BC97D0B6-4C4F-4485-A281-26E1C205BA34}.Debug|Any CPU.Build.0 = Debug|Any CPU
		{BC97D0B6-4C4F-4485-A281-26E1C205BA34}.Release|Any CPU.ActiveCfg = Release|Any CPU
		{BC97D0B6-4C4F-4485-A281-26E1C205BA34}.Release|Any CPU.Build.0 = Release|Any CPU
	EndGlobalSection
	GlobalSection(SolutionProperties) = preSolution
		HideSolutionNode = FALSE
	EndGlobalSection
	GlobalSection(ExtensibilityGlobals) = postSolution
		SolutionGuid = {54EB26F9-7A9D-4E94-98AB-9D7774BD3923}
	EndGlobalSection
EndGlobal
